
Microsoft Visual Studio Solution File, Format Version 12.00
# Visual Studio Version 17
VisualStudioVersion = 17.11.35219.272
MinimumVisualStudioVersion = 10.0.40219.1
Project("{9A19103F-16F7-4668-BE54-9A1E7A4F7556}") = "AwesomeGIC.BankingApp", ".\AwesomeGIC.BankingApp\AwesomeGIC.BankingApp.csproj", "{215780C7-35FF-4EEF-8BA1-00A51008D875}"
EndProject
Project("{FAE04EC0-301F-11D3-BF4B-00C04F79EFBC}") = "AwesomeGIC.BankingApp.Tests", ".\AwesomeGIC.BankingApp.Tests\AwesomeGIC.BankingApp.Tests.csproj", "{292B3804-C8B7-4917-923E-6F80DF02B618}"
EndProject
Global
	GlobalSection(SolutionConfigurationPlatforms) = preSolution
		Debug|Any CPU = Debug|Any CPU
		Release|Any CPU = Release|Any CPU
	EndGlobalSection
	GlobalSection(ProjectConfigurationPlatforms) = postSolution
		{215780C7-35FF-4EEF-8BA1-00A51008D875}.Debug|Any CPU.ActiveCfg = Debug|Any CPU
		{215780C7-35FF-4EEF-8BA1-00A51008D875}.Debug|Any CPU.Build.0 = Debug|Any CPU
		{215780C7-35FF-4EEF-8BA1-00A51008D875}.Release|Any CPU.ActiveCfg = Release|Any CPU
		{215780C7-35FF-4EEF-8BA1-00A51008D875}.Release|Any CPU.Build.0 = Release|Any CPU
		{292B3804-C8B7-4917-923E-6F80DF02B618}.Debug|Any CPU.ActiveCfg = Debug|Any CPU
		{292B3804-C8B7-4917-923E-6F80DF02B618}.Debug|Any CPU.Build.0 = Debug|Any CPU
		{292B3804-C8B7-4917-923E-6F80DF02B618}.Release|Any CPU.ActiveCfg = Release|Any CPU
		{292B3804-C8B7-4917-923E-6F80DF02B618}.Release|Any CPU.Build.0 = Release|Any CPU
	EndGlobalSection
	GlobalSection(SolutionProperties) = preSolution
		HideSolutionNode = FALSE
	EndGlobalSection
	GlobalSection(ExtensibilityGlobals) = postSolution
		SolutionGuid = {15F8F9C6-F34F-45CE-B052-E293851F6FC0}
	EndGlobalSection
EndGlobal
